
Microsoft Visual Studio Solution File, Format Version 12.00
# Visual Studio 15
VisualStudioVersion = 15.0.28010.0
MinimumVisualStudioVersion = 10.0.40219.1
Project("{FAE04EC0-301F-11D3-BF4B-00C04F79EFBC}") = "CRUD_Razor_2_1", "CRUD_Razor_2_1\CRUD_Razor_2_1.csproj", "{5B9CC70C-482B-4005-A987-AA20E981A4EE}"
EndProject
Global
	GlobalSection(SolutionConfigurationPlatforms) = preSolution
		Debug|Any CPU = Debug|Any CPU
		Release|Any CPU = Release|Any CPU
	EndGlobalSection
	GlobalSection(ProjectConfigurationPlatforms) = postSolution
		{5B9CC70C-482B-4005-A987-AA20E981A4EE}.Debug|Any CPU.ActiveCfg = Debug|Any CPU
		{5B9CC70C-482B-4005-A987-AA20E981A4EE}.Debug|Any CPU.Build.0 = Debug|Any CPU
		{5B9CC70C-482B-4005-A987-AA20E981A4EE}.Release|Any CPU.ActiveCfg = Release|Any CPU
		{5B9CC70C-482B-4005-A987-AA20E981A4EE}.Release|Any CPU.Build.0 = Release|Any CPU
	EndGlobalSection
	GlobalSection(SolutionProperties) = preSolution
		HideSolutionNode = FALSE
	EndGlobalSection
	GlobalSection(ExtensibilityGlobals) = postSolution
		SolutionGuid = {170101D2-E444-43DA-82F7-EEB5A98FF586}
	EndGlobalSection
EndGlobal
